
Microsoft Visual Studio Solution File, Format Version 12.00
# Visual Studio Version 16
VisualStudioVersion = 16.0.31025.194
MinimumVisualStudioVersion = 10.0.40219.1
Project("{FAE04EC0-301F-11D3-BF4B-00C04F79EFBC}") = "SO_Exercises31.32_4.26.2021", "SO_Exercises31.32_4.26.2021\SO_Exercises31.32_4.26.2021.csproj", "{628F2637-70BB-447F-8EF3-AEC069E7CA59}"
EndProject
Global
	GlobalSection(SolutionConfigurationPlatforms) = preSolution
		Debug|Any CPU = Debug|Any CPU
		Release|Any CPU = Release|Any CPU
	EndGlobalSection
	GlobalSection(ProjectConfigurationPlatforms) = postSolution
		{628F2637-70BB-447F-8EF3-AEC069E7CA59}.Debug|Any CPU.ActiveCfg = Debug|Any CPU
		{628F2637-70BB-447F-8EF3-AEC069E7CA59}.Debug|Any CPU.Build.0 = Debug|Any CPU
		{628F2637-70BB-447F-8EF3-AEC069E7CA59}.Release|Any CPU.ActiveCfg = Release|Any CPU
		{628F2637-70BB-447F-8EF3-AEC069E7CA59}.Release|Any CPU.Build.0 = Release|Any CPU
	EndGlobalSection
	GlobalSection(SolutionProperties) = preSolution
		HideSolutionNode = FALSE
	EndGlobalSection
	GlobalSection(ExtensibilityGlobals) = postSolution
		SolutionGuid = {8FABC088-8E7E-43FF-921C-B21EDF51500E}
	EndGlobalSection
EndGlobal
